
Microsoft Visual Studio Solution File, Format Version 12.00
# Visual Studio Version 17
VisualStudioVersion = 17.13.36105.23
MinimumVisualStudioVersion = 10.0.40219.1
Project("{FAE04EC0-301F-11D3-BF4B-00C04F79EFBC}") = "GoogleTranslate.App", "GoogleTranslate.App\GoogleTranslate.App.csproj", "{7240DADE-DA5C-4C4D-93D4-E25215A8D384}"
EndProject
Project("{FAE04EC0-301F-11D3-BF4B-00C04F79EFBC}") = "GoogleTranslate.Application", "GoogleTranslate.Application\GoogleTranslate.Application.csproj", "{820EF9DE-7FE2-4BDE-95BE-DC785626F018}"
EndProject
Project("{FAE04EC0-301F-11D3-BF4B-00C04F79EFBC}") = "GoogleTranslate.Infrastructure", "GoogleTranslate.Infrastructure\GoogleTranslate.Infrastructure.csproj", "{852FA3FE-CB62-4DBB-99C2-38E9E02DFA53}"
EndProject
Project("{2150E333-8FDC-42A3-9474-1A3956D46DE8}") = "Core", "Core", "{D4A6D50F-9D8F-401D-AFAE-8D43D1A04081}"
EndProject
Project("{2150E333-8FDC-42A3-9474-1A3956D46DE8}") = "Api", "Api", "{EDD9D9F1-0CE8-4C56-A52D-27D815761E1B}"
EndProject
Project("{2150E333-8FDC-42A3-9474-1A3956D46DE8}") = "src", "src", "{3204685F-0F6D-4259-9F49-1C8CA7CF1E3B}"
EndProject
Project("{2150E333-8FDC-42A3-9474-1A3956D46DE8}") = "Infrastructure", "Infrastructure", "{F8218D2F-E81C-4744-91D6-6406419D8A35}"
EndProject
Project("{2150E333-8FDC-42A3-9474-1A3956D46DE8}") = "Program", "Program", "{742AAA0E-BA92-48E5-988B-2395254592E6}"
EndProject
Project("{2150E333-8FDC-42A3-9474-1A3956D46DE8}") = "test", "test", "{494EF882-90A8-47E5-B74F-490E135D57C5}"
EndProject
Project("{FAE04EC0-301F-11D3-BF4B-00C04F79EFBC}") = "GoogleTranslate.Application.UnitTests", "GoogleTranslate.Application.UnitTests\GoogleTranslate.Application.UnitTests.csproj", "{F100E356-44A9-49CE-BD09-855DE42B0AC1}"
EndProject
Project("{FAE04EC0-301F-11D3-BF4B-00C04F79EFBC}") = "GoogleTranslate.Api", "GoogleTranslate.Api\GoogleTranslate.Api.csproj", "{120DD26E-4C4E-41D5-8D0F-850D062E0F22}"
EndProject
Global
	GlobalSection(SolutionConfigurationPlatforms) = preSolution
		Debug|Any CPU = Debug|Any CPU
		Release|Any CPU = Release|Any CPU
	EndGlobalSection
	GlobalSection(ProjectConfigurationPlatforms) = postSolution
		{7240DADE-DA5C-4C4D-93D4-E25215A8D384}.Debug|Any CPU.ActiveCfg = Debug|Any CPU
		{7240DADE-DA5C-4C4D-93D4-E25215A8D384}.Debug|Any CPU.Build.0 = Debug|Any CPU
		{7240DADE-DA5C-4C4D-93D4-E25215A8D384}.Release|Any CPU.ActiveCfg = Release|Any CPU
		{7240DADE-DA5C-4C4D-93D4-E25215A8D384}.Release|Any CPU.Build.0 = Release|Any CPU
		{820EF9DE-7FE2-4BDE-95BE-DC785626F018}.Debug|Any CPU.ActiveCfg = Debug|Any CPU
		{820EF9DE-7FE2-4BDE-95BE-DC785626F018}.Debug|Any CPU.Build.0 = Debug|Any CPU
		{820EF9DE-7FE2-4BDE-95BE-DC785626F018}.Release|Any CPU.ActiveCfg = Release|Any CPU
		{820EF9DE-7FE2-4BDE-95BE-DC785626F018}.Release|Any CPU.Build.0 = Release|Any CPU
		{852FA3FE-CB62-4DBB-99C2-38E9E02DFA53}.Debug|Any CPU.ActiveCfg = Debug|Any CPU
		{852FA3FE-CB62-4DBB-99C2-38E9E02DFA53}.Debug|Any CPU.Build.0 = Debug|Any CPU
		{852FA3FE-CB62-4DBB-99C2-38E9E02DFA53}.Release|Any CPU.ActiveCfg = Release|Any CPU
		{852FA3FE-CB62-4DBB-99C2-38E9E02DFA53}.Release|Any CPU.Build.0 = Release|Any CPU
		{F100E356-44A9-49CE-BD09-855DE42B0AC1}.Debug|Any CPU.ActiveCfg = Debug|Any CPU
		{F100E356-44A9-49CE-BD09-855DE42B0AC1}.Debug|Any CPU.Build.0 = Debug|Any CPU
		{F100E356-44A9-49CE-BD09-855DE42B0AC1}.Release|Any CPU.ActiveCfg = Release|Any CPU
		{F100E356-44A9-49CE-BD09-855DE42B0AC1}.Release|Any CPU.Build.0 = Release|Any CPU
		{120DD26E-4C4E-41D5-8D0F-850D062E0F22}.Debug|Any CPU.ActiveCfg = Debug|Any CPU
		{120DD26E-4C4E-41D5-8D0F-850D062E0F22}.Debug|Any CPU.Build.0 = Debug|Any CPU
		{120DD26E-4C4E-41D5-8D0F-850D062E0F22}.Release|Any CPU.ActiveCfg = Release|Any CPU
		{120DD26E-4C4E-41D5-8D0F-850D062E0F22}.Release|Any CPU.Build.0 = Release|Any CPU
	EndGlobalSection
	GlobalSection(SolutionProperties) = preSolution
		HideSolutionNode = FALSE
	EndGlobalSection
	GlobalSection(NestedProjects) = preSolution
		{7240DADE-DA5C-4C4D-93D4-E25215A8D384} = {742AAA0E-BA92-48E5-988B-2395254592E6}
		{820EF9DE-7FE2-4BDE-95BE-DC785626F018} = {D4A6D50F-9D8F-401D-AFAE-8D43D1A04081}
		{852FA3FE-CB62-4DBB-99C2-38E9E02DFA53} = {F8218D2F-E81C-4744-91D6-6406419D8A35}
		{D4A6D50F-9D8F-401D-AFAE-8D43D1A04081} = {3204685F-0F6D-4259-9F49-1C8CA7CF1E3B}
		{EDD9D9F1-0CE8-4C56-A52D-27D815761E1B} = {3204685F-0F6D-4259-9F49-1C8CA7CF1E3B}
		{F8218D2F-E81C-4744-91D6-6406419D8A35} = {3204685F-0F6D-4259-9F49-1C8CA7CF1E3B}
		{742AAA0E-BA92-48E5-988B-2395254592E6} = {3204685F-0F6D-4259-9F49-1C8CA7CF1E3B}
		{F100E356-44A9-49CE-BD09-855DE42B0AC1} = {494EF882-90A8-47E5-B74F-490E135D57C5}
		{120DD26E-4C4E-41D5-8D0F-850D062E0F22} = {EDD9D9F1-0CE8-4C56-A52D-27D815761E1B}
	EndGlobalSection
	GlobalSection(ExtensibilityGlobals) = postSolution
		SolutionGuid = {7C5DEC07-6D2E-46BB-95BB-241B240C5D31}
	EndGlobalSection
EndGlobal
